// !$*UTF8*$!
{
	archiveVersion = 1;
	classes = {
	};
	objectVersion = 50;
	objects = {

/* Begin PBXBuildFile section */
		651FB97C26AFE3D6002D41DF /* ImageView_Extension.swift in Sources */ = {isa = PBXBuildFile; fileRef = 651FB97B26AFE3D6002D41DF /* ImageView_Extension.swift */; };
		651FB97E26AFE6FD002D41DF /* CoreDataService.swift in Sources */ = {isa = PBXBuildFile; fileRef = 651FB97D26AFE6FD002D41DF /* CoreDataService.swift */; };
		652C7C7826AEBCEC0009BB71 /* CollectionViewCell.swift in Sources */ = {isa = PBXBuildFile; fileRef = 652C7C7626AEBCEC0009BB71 /* CollectionViewCell.swift */; };
		652C7C7B26AEC9EF0009BB71 /* WearList.swift in Sources */ = {isa = PBXBuildFile; fileRef = 652C7C7A26AEC9EF0009BB71 /* WearList.swift */; };
		652C7C7D26AED0E70009BB71 /* WearCollectionViewModel.swift in Sources */ = {isa = PBXBuildFile; fileRef = 652C7C7C26AED0E70009BB71 /* WearCollectionViewModel.swift */; };
		652DACAB26A0AD260041DC44 /* ProfilePageViewController.swift in Sources */ = {isa = PBXBuildFile; fileRef = 652DACAA26A0AD260041DC44 /* ProfilePageViewController.swift */; };
		652DACAD26A0BA640041DC44 /* ProfilePageViewComponents.swift in Sources */ = {isa = PBXBuildFile; fileRef = 652DACAC26A0BA630041DC44 /* ProfilePageViewComponents.swift */; };
		652DACB326A0C0EE0041DC44 /* HeaderTableViewCell.swift in Sources */ = {isa = PBXBuildFile; fileRef = 652DACB126A0C0EE0041DC44 /* HeaderTableViewCell.swift */; };
		6541858326A72D6C00FDDFB2 /* ShoppingViewComponent.swift in Sources */ = {isa = PBXBuildFile; fileRef = 6541858226A72D6C00FDDFB2 /* ShoppingViewComponent.swift */; };
		6541858626A72E4500FDDFB2 /* ReusableView.swift in Sources */ = {isa = PBXBuildFile; fileRef = 6541858526A72E4500FDDFB2 /* ReusableView.swift */; };
		6545FF91269D640900FE36BD /* AppDelegate.swift in Sources */ = {isa = PBXBuildFile; fileRef = 6545FF90269D640900FE36BD /* AppDelegate.swift */; };
		6545FF93269D640900FE36BD /* SceneDelegate.swift in Sources */ = {isa = PBXBuildFile; fileRef = 6545FF92269D640900FE36BD /* SceneDelegate.swift */; };
		6545FF95269D640900FE36BD /* ShoppingViewController.swift in Sources */ = {isa = PBXBuildFile; fileRef = 6545FF94269D640900FE36BD /* ShoppingViewController.swift */; };
		6545FF98269D640900FE36BD /* Main.storyboard in Resources */ = {isa = PBXBuildFile; fileRef = 6545FF96269D640900FE36BD /* Main.storyboard */; };
		6545FF9B269D640900FE36BD /* Appcent_InternshipProject.xcdatamodeld in Sources */ = {isa = PBXBuildFile; fileRef = 6545FF99269D640900FE36BD /* Appcent_InternshipProject.xcdatamodeld */; };
		6545FF9D269D640900FE36BD /* Assets.xcassets in Resources */ = {isa = PBXBuildFile; fileRef = 6545FF9C269D640900FE36BD /* Assets.xcassets */; };
		6545FFA0269D640900FE36BD /* LaunchScreen.storyboard in Resources */ = {isa = PBXBuildFile; fileRef = 6545FF9E269D640900FE36BD /* LaunchScreen.storyboard */; };
		6545FFAD269D66A100FE36BD /* APIService.swift in Sources */ = {isa = PBXBuildFile; fileRef = 6545FFAC269D66A100FE36BD /* APIService.swift */; };
		6545FFAF269D67A400FE36BD /* Products.swift in Sources */ = {isa = PBXBuildFile; fileRef = 6545FFAE269D67A400FE36BD /* Products.swift */; };
		6545FFB1269D6C6F00FE36BD /* Constants.swift in Sources */ = {isa = PBXBuildFile; fileRef = 6545FFB0269D6C6F00FE36BD /* Constants.swift */; };
		6545FFB4269EC9CD00FE36BD /* WearViewModel.swift in Sources */ = {isa = PBXBuildFile; fileRef = 6545FFB3269EC9CD00FE36BD /* WearViewModel.swift */; };
		6545FFB6269ECC2500FE36BD /* FoodViewModel.swift in Sources */ = {isa = PBXBuildFile; fileRef = 6545FFB5269ECC2500FE36BD /* FoodViewModel.swift */; };
		6575C78326A1685E007FEA04 /* ProfileCellEnums.swift in Sources */ = {isa = PBXBuildFile; fileRef = 6575C78226A1685E007FEA04 /* ProfileCellEnums.swift */; };
		6575C78526A16AEB007FEA04 /* SingleMenuTableViewCell.swift in Sources */ = {isa = PBXBuildFile; fileRef = 6575C78426A16AEB007FEA04 /* SingleMenuTableViewCell.swift */; };
		6575C78726A1A37A007FEA04 /* ToggleMenuTableViewCell.swift in Sources */ = {isa = PBXBuildFile; fileRef = 6575C78626A1A37A007FEA04 /* ToggleMenuTableViewCell.swift */; };
/* End PBXBuildFile section */

/* Begin PBXFileReference section */
		651FB97B26AFE3D6002D41DF /* ImageView_Extension.swift */ = {isa = PBXFileReference; lastKnownFileType = sourcecode.swift; path = ImageView_Extension.swift; sourceTree = "<group>"; };
		651FB97D26AFE6FD002D41DF /* CoreDataService.swift */ = {isa = PBXFileReference; lastKnownFileType = sourcecode.swift; path = CoreDataService.swift; sourceTree = "<group>"; };
		652C7C7626AEBCEC0009BB71 /* CollectionViewCell.swift */ = {isa = PBXFileReference; lastKnownFileType = sourcecode.swift; path = CollectionViewCell.swift; sourceTree = "<group>"; };
		652C7C7A26AEC9EF0009BB71 /* WearList.swift */ = {isa = PBXFileReference; lastKnownFileType = sourcecode.swift; path = WearList.swift; sourceTree = "<group>"; };
		652C7C7C26AED0E70009BB71 /* WearCollectionViewModel.swift */ = {isa = PBXFileReference; lastKnownFileType = sourcecode.swift; path = WearCollectionViewModel.swift; sourceTree = "<group>"; };
		652DACAA26A0AD260041DC44 /* ProfilePageViewController.swift */ = {isa = PBXFileReference; lastKnownFileType = sourcecode.swift; path = ProfilePageViewController.swift; sourceTree = "<group>"; };
		652DACAC26A0BA630041DC44 /* ProfilePageViewComponents.swift */ = {isa = PBXFileReference; lastKnownFileType = sourcecode.swift; path = ProfilePageViewComponents.swift; sourceTree = "<group>"; };
		652DACB126A0C0EE0041DC44 /* HeaderTableViewCell.swift */ = {isa = PBXFileReference; lastKnownFileType = sourcecode.swift; path = HeaderTableViewCell.swift; sourceTree = "<group>"; };
		6541858226A72D6C00FDDFB2 /* ShoppingViewComponent.swift */ = {isa = PBXFileReference; lastKnownFileType = sourcecode.swift; path = ShoppingViewComponent.swift; sourceTree = "<group>"; };
		6541858526A72E4500FDDFB2 /* ReusableView.swift */ = {isa = PBXFileReference; lastKnownFileType = sourcecode.swift; path = ReusableView.swift; sourceTree = "<group>"; };
		6545FF8D269D640900FE36BD /* Appcent_InternshipProject.app */ = {isa = PBXFileReference; explicitFileType = wrapper.application; includeInIndex = 0; path = Appcent_InternshipProject.app; sourceTree = BUILT_PRODUCTS_DIR; };
		6545FF90269D640900FE36BD /* AppDelegate.swift */ = {isa = PBXFileReference; lastKnownFileType = sourcecode.swift; path = AppDelegate.swift; sourceTree = "<group>"; };
		6545FF92269D640900FE36BD /* SceneDelegate.swift */ = {isa = PBXFileReference; lastKnownFileType = sourcecode.swift; path = SceneDelegate.swift; sourceTree = "<group>"; };
		6545FF94269D640900FE36BD /* ShoppingViewController.swift */ = {isa = PBXFileReference; lastKnownFileType = sourcecode.swift; path = ShoppingViewController.swift; sourceTree = "<group>"; };
		6545FF97269D640900FE36BD /* Base */ = {isa = PBXFileReference; lastKnownFileType = file.storyboard; name = Base; path = Base.lproj/Main.storyboard; sourceTree = "<group>"; };
		6545FF9A269D640900FE36BD /* Appcent_InternshipProject.xcdatamodel */ = {isa = PBXFileReference; lastKnownFileType = wrapper.xcdatamodel; path = Appcent_InternshipProject.xcdatamodel; sourceTree = "<group>"; };
		6545FF9C269D640900FE36BD /* Assets.xcassets */ = {isa = PBXFileReference; lastKnownFileType = folder.assetcatalog; path = Assets.xcassets; sourceTree = "<group>"; };
		6545FF9F269D640900FE36BD /* Base */ = {isa = PBXFileReference; lastKnownFileType = file.storyboard; name = Base; path = Base.lproj/LaunchScreen.storyboard; sourceTree = "<group>"; };
		6545FFA1269D640900FE36BD /* Info.plist */ = {isa = PBXFileReference; lastKnownFileType = text.plist.xml; path = Info.plist; sourceTree = "<group>"; };
		6545FFAC269D66A100FE36BD /* APIService.swift */ = {isa = PBXFileReference; lastKnownFileType = sourcecode.swift; path = APIService.swift; sourceTree = "<group>"; };
		6545FFAE269D67A400FE36BD /* Products.swift */ = {isa = PBXFileReference; lastKnownFileType = sourcecode.swift; path = Products.swift; sourceTree = "<group>"; };
		6545FFB0269D6C6F00FE36BD /* Constants.swift */ = {isa = PBXFileReference; lastKnownFileType = sourcecode.swift; path = Constants.swift; sourceTree = "<group>"; };
		6545FFB3269EC9CD00FE36BD /* WearViewModel.swift */ = {isa = PBXFileReference; lastKnownFileType = sourcecode.swift; path = WearViewModel.swift; sourceTree = "<group>"; };
		6545FFB5269ECC2500FE36BD /* FoodViewModel.swift */ = {isa = PBXFileReference; lastKnownFileType = sourcecode.swift; path = FoodViewModel.swift; sourceTree = "<group>"; };
		6575C78226A1685E007FEA04 /* ProfileCellEnums.swift */ = {isa = PBXFileReference; lastKnownFileType = sourcecode.swift; path = ProfileCellEnums.swift; sourceTree = "<group>"; };
		6575C78426A16AEB007FEA04 /* SingleMenuTableViewCell.swift */ = {isa = PBXFileReference; lastKnownFileType = sourcecode.swift; path = SingleMenuTableViewCell.swift; sourceTree = "<group>"; };
		6575C78626A1A37A007FEA04 /* ToggleMenuTableViewCell.swift */ = {isa = PBXFileReference; lastKnownFileType = sourcecode.swift; path = ToggleMenuTableViewCell.swift; sourceTree = "<group>"; };
/* End PBXFileReference section */

/* Begin PBXFrameworksBuildPhase section */
		6545FF8A269D640800FE36BD /* Frameworks */ = {
			isa = PBXFrameworksBuildPhase;
			buildActionMask = 2147483647;
			files = (
			);
			runOnlyForDeploymentPostprocessing = 0;
		};
/* End PBXFrameworksBuildPhase section */

/* Begin PBXGroup section */
		652DACA926A0AD100041DC44 /* ProfilePage */ = {
			isa = PBXGroup;
			children = (
				652DACAE26A0C0B00041DC44 /* TableViewCells */,
				652DACAA26A0AD260041DC44 /* ProfilePageViewController.swift */,
				652DACAC26A0BA630041DC44 /* ProfilePageViewComponents.swift */,
			);
			path = ProfilePage;
			sourceTree = "<group>";
		};
		652DACAE26A0C0B00041DC44 /* TableViewCells */ = {
			isa = PBXGroup;
			children = (
				652DACB126A0C0EE0041DC44 /* HeaderTableViewCell.swift */,
				6575C78426A16AEB007FEA04 /* SingleMenuTableViewCell.swift */,
				6575C78626A1A37A007FEA04 /* ToggleMenuTableViewCell.swift */,
			);
			path = TableViewCells;
			sourceTree = "<group>";
		};
		6541858126A72D4C00FDDFB2 /* ShoppingPage */ = {
			isa = PBXGroup;
			children = (
				6541858726A72F8A00FDDFB2 /* CollectionViewCell */,
				6545FF94269D640900FE36BD /* ShoppingViewController.swift */,
				6541858226A72D6C00FDDFB2 /* ShoppingViewComponent.swift */,
			);
			path = ShoppingPage;
			sourceTree = "<group>";
		};
		6541858426A72E3400FDDFB2 /* Protocols */ = {
			isa = PBXGroup;
			children = (
				6541858526A72E4500FDDFB2 /* ReusableView.swift */,
			);
			path = Protocols;
			sourceTree = "<group>";
		};
		6541858726A72F8A00FDDFB2 /* CollectionViewCell */ = {
			isa = PBXGroup;
			children = (
				652C7C7626AEBCEC0009BB71 /* CollectionViewCell.swift */,
			);
			path = CollectionViewCell;
			sourceTree = "<group>";
		};
		6545FF84269D640800FE36BD = {
			isa = PBXGroup;
			children = (
				6545FF8F269D640900FE36BD /* Appcent_InternshipProject */,
				6545FF8E269D640900FE36BD /* Products */,
			);
			sourceTree = "<group>";
		};
		6545FF8E269D640900FE36BD /* Products */ = {
			isa = PBXGroup;
			children = (
				6545FF8D269D640900FE36BD /* Appcent_InternshipProject.app */,
			);
			name = Products;
			sourceTree = "<group>";
		};
		6545FF8F269D640900FE36BD /* Appcent_InternshipProject */ = {
			isa = PBXGroup;
			children = (
				6545FFAA269D64A300FE36BD /* Application */,
				6545FFA7269D642600FE36BD /* Services */,
				6545FFA8269D648900FE36BD /* Views */,
				6545FFA9269D648F00FE36BD /* Models */,
				6545FFB2269EC9B700FE36BD /* ViewModels */,
				6575C78126A1681D007FEA04 /* Utilities */,
				6545FFA1269D640900FE36BD /* Info.plist */,
				6545FF99269D640900FE36BD /* Appcent_InternshipProject.xcdatamodeld */,
			);
			path = Appcent_InternshipProject;
			sourceTree = "<group>";
		};
		6545FFA7269D642600FE36BD /* Services */ = {
			isa = PBXGroup;
			children = (
				6545FFAC269D66A100FE36BD /* APIService.swift */,
				651FB97D26AFE6FD002D41DF /* CoreDataService.swift */,
			);
			path = Services;
			sourceTree = "<group>";
		};
		6545FFA8269D648900FE36BD /* Views */ = {
			isa = PBXGroup;
			children = (
				6541858126A72D4C00FDDFB2 /* ShoppingPage */,
				652DACA926A0AD100041DC44 /* ProfilePage */,
			);
			path = Views;
			sourceTree = "<group>";
		};
		6545FFA9269D648F00FE36BD /* Models */ = {
			isa = PBXGroup;
			children = (
				6545FFAE269D67A400FE36BD /* Products.swift */,
			);
			path = Models;
			sourceTree = "<group>";
		};
		6545FFAA269D64A300FE36BD /* Application */ = {
			isa = PBXGroup;
			children = (
				6545FFAB269D64C200FE36BD /* Storyboards */,
				6545FF9C269D640900FE36BD /* Assets.xcassets */,
				6545FF90269D640900FE36BD /* AppDelegate.swift */,
				6545FF92269D640900FE36BD /* SceneDelegate.swift */,
			);
			path = Application;
			sourceTree = "<group>";
		};
		6545FFAB269D64C200FE36BD /* Storyboards */ = {
			isa = PBXGroup;
			children = (
				6545FF96269D640900FE36BD /* Main.storyboard */,
				6545FF9E269D640900FE36BD /* LaunchScreen.storyboard */,
			);
			path = Storyboards;
			sourceTree = "<group>";
		};
		6545FFB2269EC9B700FE36BD /* ViewModels */ = {
			isa = PBXGroup;
			children = (
				6545FFB3269EC9CD00FE36BD /* WearViewModel.swift */,
				6545FFB5269ECC2500FE36BD /* FoodViewModel.swift */,
				652C7C7C26AED0E70009BB71 /* WearCollectionViewModel.swift */,
			);
			path = ViewModels;
			sourceTree = "<group>";
		};
		6575C78126A1681D007FEA04 /* Utilities */ = {
			isa = PBXGroup;
			children = (
				6541858426A72E3400FDDFB2 /* Protocols */,
				6545FFB0269D6C6F00FE36BD /* Constants.swift */,
				6575C78226A1685E007FEA04 /* ProfileCellEnums.swift */,
				652C7C7A26AEC9EF0009BB71 /* WearList.swift */,
				651FB97B26AFE3D6002D41DF /* ImageView_Extension.swift */,
			);
			path = Utilities;
			sourceTree = "<group>";
		};
/* End PBXGroup section */

/* Begin PBXNativeTarget section */
		6545FF8C269D640800FE36BD /* Appcent_InternshipProject */ = {
			isa = PBXNativeTarget;
			buildConfigurationList = 6545FFA4269D640900FE36BD /* Build configuration list for PBXNativeTarget "Appcent_InternshipProject" */;
			buildPhases = (
				6545FF89269D640800FE36BD /* Sources */,
				6545FF8A269D640800FE36BD /* Frameworks */,
				6545FF8B269D640800FE36BD /* Resources */,
			);
			buildRules = (
			);
			dependencies = (
			);
			name = Appcent_InternshipProject;
			productName = Appcent_InternshipProject;
			productReference = 6545FF8D269D640900FE36BD /* Appcent_InternshipProject.app */;
			productType = "com.apple.product-type.application";
		};
/* End PBXNativeTarget section */

/* Begin PBXProject section */
		6545FF85269D640800FE36BD /* Project object */ = {
			isa = PBXProject;
			attributes = {
				LastSwiftUpdateCheck = 1250;
				LastUpgradeCheck = 1250;
				TargetAttributes = {
					6545FF8C269D640800FE36BD = {
						CreatedOnToolsVersion = 12.5.1;
					};
				};
			};
			buildConfigurationList = 6545FF88269D640800FE36BD /* Build configuration list for PBXProject "Appcent_InternshipProject" */;
			compatibilityVersion = "Xcode 9.3";
			developmentRegion = en;
			hasScannedForEncodings = 0;
			knownRegions = (
				en,
				Base,
			);
			mainGroup = 6545FF84269D640800FE36BD;
			productRefGroup = 6545FF8E269D640900FE36BD /* Products */;
			projectDirPath = "";
			projectRoot = "";
			targets = (
				6545FF8C269D640800FE36BD /* Appcent_InternshipProject */,
			);
		};
/* End PBXProject section */

/* Begin PBXResourcesBuildPhase section */
		6545FF8B269D640800FE36BD /* Resources */ = {
			isa = PBXResourcesBuildPhase;
			buildActionMask = 2147483647;
			files = (
				6545FFA0269D640900FE36BD /* LaunchScreen.storyboard in Resources */,
				6545FF9D269D640900FE36BD /* Assets.xcassets in Resources */,
				6545FF98269D640900FE36BD /* Main.storyboard in Resources */,
			);
			runOnlyForDeploymentPostprocessing = 0;
		};
/* End PBXResourcesBuildPhase section */

/* Begin PBXSourcesBuildPhase section */
		6545FF89269D640800FE36BD /* Sources */ = {
			isa = PBXSourcesBuildPhase;
			buildActionMask = 2147483647;
			files = (
				6545FF95269D640900FE36BD /* ShoppingViewController.swift in Sources */,
				6541858626A72E4500FDDFB2 /* ReusableView.swift in Sources */,
				652C7C7826AEBCEC0009BB71 /* CollectionViewCell.swift in Sources */,
				6545FFAD269D66A100FE36BD /* APIService.swift in Sources */,
				6545FF91269D640900FE36BD /* AppDelegate.swift in Sources */,
				6545FFAF269D67A400FE36BD /* Products.swift in Sources */,
				6575C78526A16AEB007FEA04 /* SingleMenuTableViewCell.swift in Sources */,
				652DACB326A0C0EE0041DC44 /* HeaderTableViewCell.swift in Sources */,
				651FB97E26AFE6FD002D41DF /* CoreDataService.swift in Sources */,
				6545FFB1269D6C6F00FE36BD /* Constants.swift in Sources */,
				6575C78326A1685E007FEA04 /* ProfileCellEnums.swift in Sources */,
				652DACAB26A0AD260041DC44 /* ProfilePageViewController.swift in Sources */,
				651FB97C26AFE3D6002D41DF /* ImageView_Extension.swift in Sources */,
				652C7C7D26AED0E70009BB71 /* WearCollectionViewModel.swift in Sources */,
				6545FFB6269ECC2500FE36BD /* FoodViewModel.swift in Sources */,
				652DACAD26A0BA640041DC44 /* ProfilePageViewComponents.swift in Sources */,
				6545FFB4269EC9CD00FE36BD /* WearViewModel.swift in Sources */,
				6541858326A72D6C00FDDFB2 /* ShoppingViewComponent.swift in Sources */,
				6545FF93269D640900FE36BD /* SceneDelegate.swift in Sources */,
				6545FF9B269D640900FE36BD /* Appcent_InternshipProject.xcdatamodeld in Sources */,
				652C7C7B26AEC9EF0009BB71 /* WearList.swift in Sources */,
				6575C78726A1A37A007FEA04 /* ToggleMenuTableViewCell.swift in Sources */,
			);
			runOnlyForDeploymentPostprocessing = 0;
		};
/* End PBXSourcesBuildPhase section */

/* Begin PBXVariantGroup section */
		6545FF96269D640900FE36BD /* Main.storyboard */ = {
			isa = PBXVariantGroup;
			children = (
				6545FF97269D640900FE36BD /* Base */,
			);
			name = Main.storyboard;
			sourceTree = "<group>";
		};
		6545FF9E269D640900FE36BD /* LaunchScreen.storyboard */ = {
			isa = PBXVariantGroup;
			children = (
				6545FF9F269D640900FE36BD /* Base */,
			);
			name = LaunchScreen.storyboard;
			sourceTree = "<group>";
		};
/* End PBXVariantGroup section */

/* Begin XCBuildConfiguration section */
		6545FFA2269D640900FE36BD /* Debug */ = {
			isa = XCBuildConfiguration;
			buildSettings = {
				ALWAYS_SEARCH_USER_PATHS = NO;
				CLANG_ANALYZER_NONNULL = YES;
				CLANG_ANALYZER_NUMBER_OBJECT_CONVERSION = YES_AGGRESSIVE;
				CLANG_CXX_LANGUAGE_STANDARD = "gnu++14";
				CLANG_CXX_LIBRARY = "libc++";
				CLANG_ENABLE_MODULES = YES;
				CLANG_ENABLE_OBJC_ARC = YES;
				CLANG_ENABLE_OBJC_WEAK = YES;
				CLANG_WARN_BLOCK_CAPTURE_AUTORELEASING = YES;
				CLANG_WARN_BOOL_CONVERSION = YES;
				CLANG_WARN_COMMA = YES;
				CLANG_WARN_CONSTANT_CONVERSION = YES;
				CLANG_WARN_DEPRECATED_OBJC_IMPLEMENTATIONS = YES;
				CLANG_WARN_DIRECT_OBJC_ISA_USAGE = YES_ERROR;
				CLANG_WARN_DOCUMENTATION_COMMENTS = YES;
				CLANG_WARN_EMPTY_BODY = YES;
				CLANG_WARN_ENUM_CONVERSION = YES;
				CLANG_WARN_INFINITE_RECURSION = YES;
				CLANG_WARN_INT_CONVERSION = YES;
				CLANG_WARN_NON_LITERAL_NULL_CONVERSION = YES;
				CLANG_WARN_OBJC_IMPLICIT_RETAIN_SELF = YES;
				CLANG_WARN_OBJC_LITERAL_CONVERSION = YES;
				CLANG_WARN_OBJC_ROOT_CLASS = YES_ERROR;
				CLANG_WARN_QUOTED_INCLUDE_IN_FRAMEWORK_HEADER = YES;
				CLANG_WARN_RANGE_LOOP_ANALYSIS = YES;
				CLANG_WARN_STRICT_PROTOTYPES = YES;
				CLANG_WARN_SUSPICIOUS_MOVE = YES;
				CLANG_WARN_UNGUARDED_AVAILABILITY = YES_AGGRESSIVE;
				CLANG_WARN_UNREACHABLE_CODE = YES;
				CLANG_WARN__DUPLICATE_METHOD_MATCH = YES;
				COPY_PHASE_STRIP = NO;
				DEBUG_INFORMATION_FORMAT = dwarf;
				ENABLE_STRICT_OBJC_MSGSEND = YES;
				ENABLE_TESTABILITY = YES;
				GCC_C_LANGUAGE_STANDARD = gnu11;
				GCC_DYNAMIC_NO_PIC = NO;
				GCC_NO_COMMON_BLOCKS = YES;
				GCC_OPTIMIZATION_LEVEL = 0;
				GCC_PREPROCESSOR_DEFINITIONS = (
					"DEBUG=1",
					"$(inherited)",
				);
				GCC_WARN_64_TO_32_BIT_CONVERSION = YES;
				GCC_WARN_ABOUT_RETURN_TYPE = YES_ERROR;
				GCC_WARN_UNDECLARED_SELECTOR = YES;
				GCC_WARN_UNINITIALIZED_AUTOS = YES_AGGRESSIVE;
				GCC_WARN_UNUSED_FUNCTION = YES;
				GCC_WARN_UNUSED_VARIABLE = YES;
				IPHONEOS_DEPLOYMENT_TARGET = 14.5;
				MTL_ENABLE_DEBUG_INFO = INCLUDE_SOURCE;
				MTL_FAST_MATH = YES;
				ONLY_ACTIVE_ARCH = YES;
				SDKROOT = iphoneos;
				SWIFT_ACTIVE_COMPILATION_CONDITIONS = DEBUG;
				SWIFT_OPTIMIZATION_LEVEL = "-Onone";
			};
			name = Debug;
		};
		6545FFA3269D640900FE36BD /* Release */ = {
			isa = XCBuildConfiguration;
			buildSettings = {
				ALWAYS_SEARCH_USER_PATHS = NO;
				CLANG_ANALYZER_NONNULL = YES;
				CLANG_ANALYZER_NUMBER_OBJECT_CONVERSION = YES_AGGRESSIVE;
				CLANG_CXX_LANGUAGE_STANDARD = "gnu++14";
				CLANG_CXX_LIBRARY = "libc++";
				CLANG_ENABLE_MODULES = YES;
				CLANG_ENABLE_OBJC_ARC = YES;
				CLANG_ENABLE_OBJC_WEAK = YES;
				CLANG_WARN_BLOCK_CAPTURE_AUTORELEASING = YES;
				CLANG_WARN_BOOL_CONVERSION = YES;
				CLANG_WARN_COMMA = YES;
				CLANG_WARN_CONSTANT_CONVERSION = YES;
				CLANG_WARN_DEPRECATED_OBJC_IMPLEMENTATIONS = YES;
				CLANG_WARN_DIRECT_OBJC_ISA_USAGE = YES_ERROR;
				CLANG_WARN_DOCUMENTATION_COMMENTS = YES;
				CLANG_WARN_EMPTY_BODY = YES;
				CLANG_WARN_ENUM_CONVERSION = YES;
				CLANG_WARN_INFINITE_RECURSION = YES;
				CLANG_WARN_INT_CONVERSION = YES;
				CLANG_WARN_NON_LITERAL_NULL_CONVERSION = YES;
				CLANG_WARN_OBJC_IMPLICIT_RETAIN_SELF = YES;
				CLANG_WARN_OBJC_LITERAL_CONVERSION = YES;
				CLANG_WARN_OBJC_ROOT_CLASS = YES_ERROR;
				CLANG_WARN_QUOTED_INCLUDE_IN_FRAMEWORK_HEADER = YES;
				CLANG_WARN_RANGE_LOOP_ANALYSIS = YES;
				CLANG_WARN_STRICT_PROTOTYPES = YES;
				CLANG_WARN_SUSPICIOUS_MOVE = YES;
				CLANG_WARN_UNGUARDED_AVAILABILITY = YES_AGGRESSIVE;
				CLANG_WARN_UNREACHABLE_CODE = YES;
				CLANG_WARN__DUPLICATE_METHOD_MATCH = YES;
				COPY_PHASE_STRIP = NO;
				DEBUG_INFORMATION_FORMAT = "dwarf-with-dsym";
				ENABLE_NS_ASSERTIONS = NO;
				ENABLE_STRICT_OBJC_MSGSEND = YES;
				GCC_C_LANGUAGE_STANDARD = gnu11;
				GCC_NO_COMMON_BLOCKS = YES;
				GCC_WARN_64_TO_32_BIT_CONVERSION = YES;
				GCC_WARN_ABOUT_RETURN_TYPE = YES_ERROR;
				GCC_WARN_UNDECLARED_SELECTOR = YES;
				GCC_WARN_UNINITIALIZED_AUTOS = YES_AGGRESSIVE;
				GCC_WARN_UNUSED_FUNCTION = YES;
				GCC_WARN_UNUSED_VARIABLE = YES;
				IPHONEOS_DEPLOYMENT_TARGET = 14.5;
				MTL_ENABLE_DEBUG_INFO = NO;
				MTL_FAST_MATH = YES;
				SDKROOT = iphoneos;
				SWIFT_COMPILATION_MODE = wholemodule;
				SWIFT_OPTIMIZATION_LEVEL = "-O";
				VALIDATE_PRODUCT = YES;
			};
			name = Release;
		};
		6545FFA5269D640900FE36BD /* Debug */ = {
			isa = XCBuildConfiguration;
			buildSettings = {
				ASSETCATALOG_COMPILER_APPICON_NAME = AppIcon;
				ASSETCATALOG_COMPILER_GLOBAL_ACCENT_COLOR_NAME = AccentColor;
				CODE_SIGN_STYLE = Automatic;
				DEVELOPMENT_TEAM = 433X25677M;
				INFOPLIST_FILE = Appcent_InternshipProject/Info.plist;
				LD_RUNPATH_SEARCH_PATHS = (
					"$(inherited)",
					"@executable_path/Frameworks",
				);
				PRODUCT_BUNDLE_IDENTIFIER = "GKS.Appcent-InternshipProject";
				PRODUCT_NAME = "$(TARGET_NAME)";
				SWIFT_VERSION = 5.0;
				TARGETED_DEVICE_FAMILY = "1,2";
			};
			name = Debug;
		};
		6545FFA6269D640900FE36BD /* Release */ = {
			isa = XCBuildConfiguration;
			buildSettings = {
				ASSETCATALOG_COMPILER_APPICON_NAME = AppIcon;
				ASSETCATALOG_COMPILER_GLOBAL_ACCENT_COLOR_NAME = AccentColor;
				CODE_SIGN_STYLE = Automatic;
				DEVELOPMENT_TEAM = 433X25677M;
				INFOPLIST_FILE = Appcent_InternshipProject/Info.plist;
				LD_RUNPATH_SEARCH_PATHS = (
					"$(inherited)",
					"@executable_path/Frameworks",
				);
				PRODUCT_BUNDLE_IDENTIFIER = "GKS.Appcent-InternshipProject";
				PRODUCT_NAME = "$(TARGET_NAME)";
				SWIFT_VERSION = 5.0;
				TARGETED_DEVICE_FAMILY = "1,2";
			};
			name = Release;
		};
/* End XCBuildConfiguration section */

/* Begin XCConfigurationList section */
		6545FF88269D640800FE36BD /* Build configuration list for PBXProject "Appcent_InternshipProject" */ = {
			isa = XCConfigurationList;
			buildConfigurations = (
				6545FFA2269D640900FE36BD /* Debug */,
				6545FFA3269D640900FE36BD /* Release */,
			);
			defaultConfigurationIsVisible = 0;
			defaultConfigurationName = Release;
		};
		6545FFA4269D640900FE36BD /* Build configuration list for PBXNativeTarget "Appcent_InternshipProject" */ = {
			isa = XCConfigurationList;
			buildConfigurations = (
				6545FFA5269D640900FE36BD /* Debug */,
				6545FFA6269D640900FE36BD /* Release */,
			);
			defaultConfigurationIsVisible = 0;
			defaultConfigurationName = Release;
		};
/* End XCConfigurationList section */

/* Begin XCVersionGroup section */
		6545FF99269D640900FE36BD /* Appcent_InternshipProject.xcdatamodeld */ = {
			isa = XCVersionGroup;
			children = (
				6545FF9A269D640900FE36BD /* Appcent_InternshipProject.xcdatamodel */,
			);
			currentVersion = 6545FF9A269D640900FE36BD /* Appcent_InternshipProject.xcdatamodel */;
			path = Appcent_InternshipProject.xcdatamodeld;
			sourceTree = "<group>";
			versionGroupType = wrapper.xcdatamodel;
		};
/* End XCVersionGroup section */
	};
	rootObject = 6545FF85269D640800FE36BD /* Project object */;
}
